hash: ae20024e069de6fcc43d69e82035ce5cb4d87fd41c770ac0302ff3e1c1f9badc
updated: 2018-09-24T15:17:33.646862+08:00
imports:
- name: github.com/aymerick/raymond
  version: b565731e1464263de0bda75f2e45d97b54b60110
  subpackages:
  - ast
  - lexer
  - parser
- name: github.com/BurntSushi/toml
  version: 3012a1dbe2e4bd1391d42b32f0577cb7bbc7f005
- name: github.com/dgrijalva/jwt-go
  version: 06ea1031745cb8b3dab3f6a236daf2b0aa468b7e
- name: github.com/eknkc/amber
  version: cdade1c073850f4ffc70a829e31235ea6892853b
  subpackages:
  - parser
- name: github.com/fatih/structs
  version: 4966fc68f5b7593aafa6cbbba2d65ec6e1416047
- name: github.com/flosch/pongo2
  version: 24195e6d38b06020d7a92c7b11960cf2e7cad2f2
- name: github.com/fsnotify/fsnotify
  version: ccc981bf80385c528a65fbfdd49bf2d8da22aa23
- name: github.com/go-ole/go-ole
  version: 7a0fa49edf48165190530c675167e2f319a05268
  subpackages:
  - oleutil
- name: github.com/go-sql-driver/mysql
  version: d523deb1b23d913de5bdada721a6071e71283618
- name: github.com/hashicorp/go-version
  version: b5a281d3160aa11950a6182bd9a9dc2cb1e02d50
- name: github.com/hashicorp/hcl
  version: 65a6292f0157eff210d03ed1bf6c59b190b8b906
  subpackages:
  - hcl/ast
  - hcl/parser
  - hcl/printer
  - hcl/scanner
  - hcl/strconv
  - hcl/token
  - json/parser
  - json/scanner
  - json/token
- name: github.com/iris-contrib/formBinder
  version: ad9fb86c356f971f30319c40ddbdcf72129a2791
- name: github.com/iris-contrib/go.uuid
  version: 36e9d2ebbde5e3f13ab2e25625fd453271d6522e
- name: github.com/jinzhu/gorm
  version: 6ed508ec6a4ecb3531899a69cbc746ccf65a4166
  subpackages:
  - dialects/mysql
- name: github.com/jinzhu/inflection
  version: 04140366298a54a039076d798123ffa108fff46c
- name: github.com/Joker/jade
  version: 8828253bfc54f2f91aaef5f32b44a244b0a98e4f
- name: github.com/json-iterator/go
  version: 2433035e513208b0f7bd5b50d0aecd889b2c1ff8
- name: github.com/juju/errors
  version: 22422dad46e14561a0854ad42497a75af9b61909
- name: github.com/kataras/golog
  version: 03be101463868edc5a81f094fc68a5f6c1b5503a
- name: github.com/kataras/iris
  version: 217d9feadc0fc5b317826a901065e0c4c27d3cad
  subpackages:
  - cache
  - cache/cfg
  - cache/client
  - cache/client/rule
  - cache/entry
  - cache/ruleset
  - cache/uri
  - context
  - core/errors
  - core/handlerconv
  - core/host
  - core/maintenance
  - core/maintenance/version
  - core/memstore
  - core/netutil
  - core/router
  - core/router/macro
  - core/router/macro/interpreter/ast
  - core/router/macro/interpreter/lexer
  - core/router/macro/interpreter/parser
  - core/router/macro/interpreter/token
  - core/router/node
  - middleware/logger
  - middleware/recover
  - view
- name: github.com/kataras/pio
  version: a9733b5b6b83d32b479aacd51d26ef6018261963
  subpackages:
  - terminal
- name: github.com/kataras/survey
  version: 00934ae069eda15df26fa427ac393e67e239380c
  subpackages:
  - core
  - terminal
- name: github.com/klauspost/compress
  version: b50017755d442260d792c34c7c43216d9ba7ffc7
  subpackages:
  - flate
  - gzip
- name: github.com/klauspost/cpuid
  version: e7e905edc00ea8827e58662220139109efea09db
- name: github.com/lexkong/log
  version: 972f9cd951fc7e5c8797f1fb2b57b63b09ff4de9
  subpackages:
  - lager
  - lager/color
- name: github.com/magiconair/properties
  version: c2353362d570a7bfa228149c62842019201cfb71
- name: github.com/mattn/go-colorable
  version: efa589957cd060542a26d2dd7832fd6a6c6c3ade
- name: github.com/mattn/go-isatty
  version: 3fb116b820352b7f0c281308a4d6250c22d94e27
- name: github.com/mgutz/ansi
  version: 9520e82c474b0a04dd04f8a40959027271bab992
- name: github.com/microcosm-cc/bluemonday
  version: 82c7118e8ccf7403d4860175d97bb635e8e28239
- name: github.com/mitchellh/mapstructure
  version: fa473d140ef3c6adf42d6b391fe76707f1f243c8
- name: github.com/modern-go/concurrent
  version: bacd9c7ef1dd9b15be4a9909b8ac7a4e313eec94
- name: github.com/modern-go/reflect2
  version: 94122c33edd36123c84d5368cfb2b69df93a0ec8
- name: github.com/pelletier/go-toml
  version: c2dbbc24a97911339e01bda0b8cabdbd8f13b602
- name: github.com/ryanuber/columnize
  version: abc90934186a77966e2beeac62ed966aac0561d5
- name: github.com/shirou/gopsutil
  version: 8048a2e9c5773235122027dd585cf821b2af1249
  subpackages:
  - cpu
  - disk
  - internal/common
  - load
  - mem
- name: github.com/Shopify/goreferrer
  version: b9777dc9f9cc3f3e426a01d218ddd6d52153f907
- name: github.com/shurcooL/sanitized_anchor_name
  version: 86672fcb3f950f35f2e675df2240550f2a50762f
- name: github.com/spf13/afero
  version: d40851caa0d747393da1ffb28f7f9d8b4eeffebd
  subpackages:
  - mem
- name: github.com/spf13/cast
  version: 8965335b8c7107321228e3e3702cab9832751bac
- name: github.com/spf13/jwalterweatherman
  version: 4a4406e478ca629068e7768fc33f3f044173c0a6
- name: github.com/spf13/pflag
  version: 298182f68c66c05229eb03ac171abe6e309ee79a
- name: github.com/spf13/viper
  version: 8fb642006536c8d3760c99d4fa2389f5e2205631
- name: github.com/StackExchange/wmi
  version: 5d049714c4a64225c3c79a7cf7d02f7fb5b96338
- name: golang.org/x/crypto
  version: 0e37d006457bf46f9e6692014ba72ef82c33022c
  repo: https://github.com/golang/crypto
  vcs: git
  subpackages:
  - acme
  - acme/autocert
- name: golang.org/x/net
  version: 26e67e76b6c3f6ce91f7c52def5af501b4e0f3a2
  repo: https://github.com/golang/net
  vcs: git
  subpackages:
  - html
  - html/atom
  - publicsuffix
- name: golang.org/x/sys
  version: d0be0721c37eeb5299f245a996a483160fc36940
  repo: https://github.com/golang/sys
  vcs: git
  subpackages:
  - unix
  - windows
- name: golang.org/x/text
  version: 905a57155faa8230500121607930ebb9dd8e139c
  repo: https://github.com/golang/text
  vcs: git
  subpackages:
  - transform
  - unicode/norm
- name: google.golang.org/appengine
  version: 03cac3b07182cfb08c0d0c0b6ee72a1ceb151c92
  repo: https://github.com/golang/appengine
  vcs: git
  subpackages:
  - cloudsql
- name: gopkg.in/russross/blackfriday.v2
  version: cadec560ec52d93835bf2f15bd794700d3a2473b
- name: gopkg.in/yaml.v2
  version: 5420a8b6744d3b0345ab293f6fcba19c978f1183
testImports: []
